
Microsoft Visual Studio Solution File, Format Version 12.00
# Visual Studio Version 16
VisualStudioVersion = 16.0.29102.190
MinimumVisualStudioVersion = 10.0.40219.1
Project("{FAE04EC0-301F-11D3-BF4B-00C04F79EFBC}") = "Notebook", "Notebook.csproj", "{5C215E6F-ED4C-440F-81AA-8DCC9214B862}"
EndProject
Global
	GlobalSection(SolutionConfigurationPlatforms) = preSolution
		Debug|Any CPU = Debug|Any CPU
		Release|Any CPU = Release|Any CPU
	EndGlobalSection
	GlobalSection(ProjectConfigurationPlatforms) = postSolution
		{5C215E6F-ED4C-440F-81AA-8DCC9214B862}.Debug|Any CPU.ActiveCfg = Debug|Any CPU
		{5C215E6F-ED4C-440F-81AA-8DCC9214B862}.Debug|Any CPU.Build.0 = Debug|Any CPU
		{5C215E6F-ED4C-440F-81AA-8DCC9214B862}.Release|Any CPU.ActiveCfg = Release|Any CPU
		{5C215E6F-ED4C-440F-81AA-8DCC9214B862}.Release|Any CPU.Build.0 = Release|Any CPU
	EndGlobalSection
	GlobalSection(SolutionProperties) = preSolution
		HideSolutionNode = FALSE
	EndGlobalSection
	GlobalSection(ExtensibilityGlobals) = postSolution
		SolutionGuid = {26F7A996-91F3-410D-9CB3-EF8BDB4F6330}
	EndGlobalSection
EndGlobal
